
Microsoft Visual Studio Solution File, Format Version 12.00
Project("{2150E333-8FDC-42A3-9474-1A3956D46DE8}") = "src", "src", "{18BAA9E2-661F-4B8D-8C56-63F7B34B00B3}"
EndProject
Project("{2150E333-8FDC-42A3-9474-1A3956D46DE8}") = "test", "test", "{12284B2E-6D91-45F5-8B7B-638196DF708A}"
EndProject
Project("{FAE04EC0-301F-11D3-BF4B-00C04F79EFBC}") = "ExcellentCvWriter.SharedKernel", "ExcellentCvWriter.SharedKernel\ExcellentCvWriter.SharedKernel.csproj", "{D75C3329-75E9-4B3C-8709-7DE20C04B891}"
EndProject
Project("{FAE04EC0-301F-11D3-BF4B-00C04F79EFBC}") = "ExcellentCvWriter.Api", "ExcellentCvWriter.Api\ExcellentCvWriter.Api.csproj", "{3C155130-3609-4B8D-B2D7-E6217113F7B5}"
EndProject
Project("{2150E333-8FDC-42A3-9474-1A3956D46DE8}") = "Modules", "Modules", "{76C60A46-6B84-42C4-B441-586050E6BFE0}"
EndProject
Project("{2150E333-8FDC-42A3-9474-1A3956D46DE8}") = "Users", "Users", "{FA0E3AD5-6607-4EEE-9988-AFA0041B2E2F}"
EndProject
Project("{FAE04EC0-301F-11D3-BF4B-00C04F79EFBC}") = "Modules.Users.Endpoints", "Modules.Users.Endpoints\Modules.Users.Endpoints.csproj", "{49B1343E-8C56-4DD6-9215-AA5C5D723522}"
EndProject
Project("{FAE04EC0-301F-11D3-BF4B-00C04F79EFBC}") = "Modules.Users.Application", "Modules.Users.Application\Modules.Users.Application.csproj", "{BC67735D-FE40-43DB-ABA0-DC2649ED9B7F}"
EndProject
Project("{FAE04EC0-301F-11D3-BF4B-00C04F79EFBC}") = "Modules.Users.Domain", "Modules.Users.Domain\Modules.Users.Domain.csproj", "{19084F27-111E-40A7-B3CF-21CA0BF26F37}"
EndProject
Project("{FAE04EC0-301F-11D3-BF4B-00C04F79EFBC}") = "Modules.Users.Infrastructure", "Modules.Users.Infrastructure\Modules.Users.Infrastructure.csproj", "{C3ED54AC-096D-49D7-AA0F-558F6A640D0F}"
EndProject
Project("{FAE04EC0-301F-11D3-BF4B-00C04F79EFBC}") = "Modules.Users.IntegrationEvents", "Modules.Users.IntegrationEvents\Modules.Users.IntegrationEvents.csproj", "{A4020982-17C1-43BD-9DA8-85E4BA14D2B8}"
EndProject
Project("{2150E333-8FDC-42A3-9474-1A3956D46DE8}") = "Notification", "Notification", "{1D1BCB41-7D34-49DD-8D4C-6F832B65295D}"
EndProject
Project("{FAE04EC0-301F-11D3-BF4B-00C04F79EFBC}") = "Modules.Notifications.Application", "Modules.Notifications.Application\Modules.Notifications.Application.csproj", "{43E5AA82-C196-4F5F-A2BE-D0F4EFABE2A5}"
EndProject
Project("{FAE04EC0-301F-11D3-BF4B-00C04F79EFBC}") = "Modules.Notifications.Domain", "Modules.Notifications.Domain\Modules.Notifications.Domain.csproj", "{48902F6C-043C-401E-A029-AB168BE69FE5}"
EndProject
Project("{FAE04EC0-301F-11D3-BF4B-00C04F79EFBC}") = "Modules.Notifications.Infrastructure", "Modules.Notifications.Infrastructure\Modules.Notifications.Infrastructure.csproj", "{B5F5DE78-67DC-48FF-B011-1506ADF53CA2}"
EndProject
Project("{FAE04EC0-301F-11D3-BF4B-00C04F79EFBC}") = "Modules.Notifications.Persistence", "Modules.Notifications.Persistence\Modules.Notifications.Persistence.csproj", "{80742A68-5357-4CD3-8763-29765A4737F4}"
EndProject
Project("{FAE04EC0-301F-11D3-BF4B-00C04F79EFBC}") = "Modules.Users.Persistence", "Modules.Users.Persistence\Modules.Users.Persistence.csproj", "{707E41D0-F89E-4F22-806C-334575FCAF66}"
EndProject
Project("{2150E333-8FDC-42A3-9474-1A3956D46DE8}") = "WriteResume", "WriteResume", "{68D4039A-2C9F-4905-A549-0698E7409DE6}"
EndProject
Project("{2150E333-8FDC-42A3-9474-1A3956D46DE8}") = "CheckResume", "CheckResume", "{C43B6148-B5C8-4153-AC6B-CED74EC15D73}"
EndProject
Project("{FAE04EC0-301F-11D3-BF4B-00C04F79EFBC}") = "Modules.CheckResume.Application", "Modules.CheckResume.Application\Modules.CheckResume.Application.csproj", "{36A54ACC-F1F5-4782-9F50-DBCC0717B645}"
EndProject
Project("{FAE04EC0-301F-11D3-BF4B-00C04F79EFBC}") = "Modules.CheckResume.Domain", "Modules.CheckResume.Domain\Modules.CheckResume.Domain.csproj", "{B59F80A1-E0EF-4F37-B57A-6C82071E52E5}"
EndProject
Project("{FAE04EC0-301F-11D3-BF4B-00C04F79EFBC}") = "Modules.CheckResume.Infrastructure", "Modules.CheckResume.Infrastructure\Modules.CheckResume.Infrastructure.csproj", "{1FA9B02A-8C4A-48F5-9350-389B98E44507}"
EndProject
Project("{FAE04EC0-301F-11D3-BF4B-00C04F79EFBC}") = "Modules.CheckResume.Persistence", "Modules.CheckResume.Persistence\Modules.CheckResume.Persistence.csproj", "{551AD554-14C8-4248-B0FC-A3A03ABBA3B1}"
EndProject
Project("{FAE04EC0-301F-11D3-BF4B-00C04F79EFBC}") = "Modules.WriteResume.Application", "Modules.WriteResume.Application\Modules.WriteResume.Application.csproj", "{8EEA730D-5D6D-4982-A2B1-D714CC09D153}"
EndProject
Project("{FAE04EC0-301F-11D3-BF4B-00C04F79EFBC}") = "Modules.WriteResume.Domain", "Modules.WriteResume.Domain\Modules.WriteResume.Domain.csproj", "{2E61A394-35C8-4D47-B2CF-1D542E0A29EE}"
EndProject
Project("{FAE04EC0-301F-11D3-BF4B-00C04F79EFBC}") = "Modules.WriteResume.Infrastructure", "Modules.WriteResume.Infrastructure\Modules.WriteResume.Infrastructure.csproj", "{3D545FD7-6F30-4F66-9400-5A63B744A19D}"
EndProject
Project("{FAE04EC0-301F-11D3-BF4B-00C04F79EFBC}") = "Modules.WriteResume.Persistence", "Modules.WriteResume.Persistence\Modules.WriteResume.Persistence.csproj", "{96FF220F-AE6D-4600-9D13-8534A340D659}"
EndProject
Project("{2150E333-8FDC-42A3-9474-1A3956D46DE8}") = "Subscription", "Subscription", "{601CB13D-168D-40EA-91A7-836A2EB6EF6D}"
EndProject
Project("{2150E333-8FDC-42A3-9474-1A3956D46DE8}") = "Payment", "Payment", "{5B6497A8-CEBB-4995-BF64-6DBF527E2166}"
EndProject
Project("{2150E333-8FDC-42A3-9474-1A3956D46DE8}") = "Reporting", "Reporting", "{9A8F081C-8985-4B7A-8D2F-2F1B8B1F9F94}"
EndProject
Project("{2150E333-8FDC-42A3-9474-1A3956D46DE8}") = "Solution Items", "Solution Items", "{5D507AE7-5201-4367-A769-DEF48443AAAE}"
	ProjectSection(SolutionItems) = preProject
		docker-compose.yml = docker-compose.yml
		docker-compose.override.yml = docker-compose.override.yml
	EndProjectSection
EndProject
Global
	GlobalSection(SolutionConfigurationPlatforms) = preSolution
		Debug|Any CPU = Debug|Any CPU
		Release|Any CPU = Release|Any CPU
	EndGlobalSection
	GlobalSection(NestedProjects) = preSolution
		{D75C3329-75E9-4B3C-8709-7DE20C04B891} = {18BAA9E2-661F-4B8D-8C56-63F7B34B00B3}
		{3C155130-3609-4B8D-B2D7-E6217113F7B5} = {18BAA9E2-661F-4B8D-8C56-63F7B34B00B3}
		{76C60A46-6B84-42C4-B441-586050E6BFE0} = {18BAA9E2-661F-4B8D-8C56-63F7B34B00B3}
		{FA0E3AD5-6607-4EEE-9988-AFA0041B2E2F} = {76C60A46-6B84-42C4-B441-586050E6BFE0}
		{49B1343E-8C56-4DD6-9215-AA5C5D723522} = {FA0E3AD5-6607-4EEE-9988-AFA0041B2E2F}
		{BC67735D-FE40-43DB-ABA0-DC2649ED9B7F} = {FA0E3AD5-6607-4EEE-9988-AFA0041B2E2F}
		{19084F27-111E-40A7-B3CF-21CA0BF26F37} = {FA0E3AD5-6607-4EEE-9988-AFA0041B2E2F}
		{C3ED54AC-096D-49D7-AA0F-558F6A640D0F} = {FA0E3AD5-6607-4EEE-9988-AFA0041B2E2F}
		{A4020982-17C1-43BD-9DA8-85E4BA14D2B8} = {FA0E3AD5-6607-4EEE-9988-AFA0041B2E2F}
		{1D1BCB41-7D34-49DD-8D4C-6F832B65295D} = {76C60A46-6B84-42C4-B441-586050E6BFE0}
		{43E5AA82-C196-4F5F-A2BE-D0F4EFABE2A5} = {1D1BCB41-7D34-49DD-8D4C-6F832B65295D}
		{48902F6C-043C-401E-A029-AB168BE69FE5} = {1D1BCB41-7D34-49DD-8D4C-6F832B65295D}
		{B5F5DE78-67DC-48FF-B011-1506ADF53CA2} = {1D1BCB41-7D34-49DD-8D4C-6F832B65295D}
		{80742A68-5357-4CD3-8763-29765A4737F4} = {1D1BCB41-7D34-49DD-8D4C-6F832B65295D}
		{707E41D0-F89E-4F22-806C-334575FCAF66} = {FA0E3AD5-6607-4EEE-9988-AFA0041B2E2F}
		{68D4039A-2C9F-4905-A549-0698E7409DE6} = {76C60A46-6B84-42C4-B441-586050E6BFE0}
		{C43B6148-B5C8-4153-AC6B-CED74EC15D73} = {76C60A46-6B84-42C4-B441-586050E6BFE0}
		{36A54ACC-F1F5-4782-9F50-DBCC0717B645} = {C43B6148-B5C8-4153-AC6B-CED74EC15D73}
		{B59F80A1-E0EF-4F37-B57A-6C82071E52E5} = {C43B6148-B5C8-4153-AC6B-CED74EC15D73}
		{1FA9B02A-8C4A-48F5-9350-389B98E44507} = {C43B6148-B5C8-4153-AC6B-CED74EC15D73}
		{551AD554-14C8-4248-B0FC-A3A03ABBA3B1} = {C43B6148-B5C8-4153-AC6B-CED74EC15D73}
		{8EEA730D-5D6D-4982-A2B1-D714CC09D153} = {68D4039A-2C9F-4905-A549-0698E7409DE6}
		{2E61A394-35C8-4D47-B2CF-1D542E0A29EE} = {68D4039A-2C9F-4905-A549-0698E7409DE6}
		{3D545FD7-6F30-4F66-9400-5A63B744A19D} = {68D4039A-2C9F-4905-A549-0698E7409DE6}
		{96FF220F-AE6D-4600-9D13-8534A340D659} = {68D4039A-2C9F-4905-A549-0698E7409DE6}
		{601CB13D-168D-40EA-91A7-836A2EB6EF6D} = {76C60A46-6B84-42C4-B441-586050E6BFE0}
		{5B6497A8-CEBB-4995-BF64-6DBF527E2166} = {76C60A46-6B84-42C4-B441-586050E6BFE0}
		{9A8F081C-8985-4B7A-8D2F-2F1B8B1F9F94} = {76C60A46-6B84-42C4-B441-586050E6BFE0}
	EndGlobalSection
	GlobalSection(ProjectConfigurationPlatforms) = postSolution
		{D75C3329-75E9-4B3C-8709-7DE20C04B891}.Debug|Any CPU.ActiveCfg = Debug|Any CPU
		{D75C3329-75E9-4B3C-8709-7DE20C04B891}.Debug|Any CPU.Build.0 = Debug|Any CPU
		{D75C3329-75E9-4B3C-8709-7DE20C04B891}.Release|Any CPU.ActiveCfg = Release|Any CPU
		{D75C3329-75E9-4B3C-8709-7DE20C04B891}.Release|Any CPU.Build.0 = Release|Any CPU
		{3C155130-3609-4B8D-B2D7-E6217113F7B5}.Debug|Any CPU.ActiveCfg = Debug|Any CPU
		{3C155130-3609-4B8D-B2D7-E6217113F7B5}.Debug|Any CPU.Build.0 = Debug|Any CPU
		{3C155130-3609-4B8D-B2D7-E6217113F7B5}.Release|Any CPU.ActiveCfg = Release|Any CPU
		{3C155130-3609-4B8D-B2D7-E6217113F7B5}.Release|Any CPU.Build.0 = Release|Any CPU
		{49B1343E-8C56-4DD6-9215-AA5C5D723522}.Debug|Any CPU.ActiveCfg = Debug|Any CPU
		{49B1343E-8C56-4DD6-9215-AA5C5D723522}.Debug|Any CPU.Build.0 = Debug|Any CPU
		{49B1343E-8C56-4DD6-9215-AA5C5D723522}.Release|Any CPU.ActiveCfg = Release|Any CPU
		{49B1343E-8C56-4DD6-9215-AA5C5D723522}.Release|Any CPU.Build.0 = Release|Any CPU
		{BC67735D-FE40-43DB-ABA0-DC2649ED9B7F}.Debug|Any CPU.ActiveCfg = Debug|Any CPU
		{BC67735D-FE40-43DB-ABA0-DC2649ED9B7F}.Debug|Any CPU.Build.0 = Debug|Any CPU
		{BC67735D-FE40-43DB-ABA0-DC2649ED9B7F}.Release|Any CPU.ActiveCfg = Release|Any CPU
		{BC67735D-FE40-43DB-ABA0-DC2649ED9B7F}.Release|Any CPU.Build.0 = Release|Any CPU
		{19084F27-111E-40A7-B3CF-21CA0BF26F37}.Debug|Any CPU.ActiveCfg = Debug|Any CPU
		{19084F27-111E-40A7-B3CF-21CA0BF26F37}.Debug|Any CPU.Build.0 = Debug|Any CPU
		{19084F27-111E-40A7-B3CF-21CA0BF26F37}.Release|Any CPU.ActiveCfg = Release|Any CPU
		{19084F27-111E-40A7-B3CF-21CA0BF26F37}.Release|Any CPU.Build.0 = Release|Any CPU
		{C3ED54AC-096D-49D7-AA0F-558F6A640D0F}.Debug|Any CPU.ActiveCfg = Debug|Any CPU
		{C3ED54AC-096D-49D7-AA0F-558F6A640D0F}.Debug|Any CPU.Build.0 = Debug|Any CPU
		{C3ED54AC-096D-49D7-AA0F-558F6A640D0F}.Release|Any CPU.ActiveCfg = Release|Any CPU
		{C3ED54AC-096D-49D7-AA0F-558F6A640D0F}.Release|Any CPU.Build.0 = Release|Any CPU
		{A4020982-17C1-43BD-9DA8-85E4BA14D2B8}.Debug|Any CPU.ActiveCfg = Debug|Any CPU
		{A4020982-17C1-43BD-9DA8-85E4BA14D2B8}.Debug|Any CPU.Build.0 = Debug|Any CPU
		{A4020982-17C1-43BD-9DA8-85E4BA14D2B8}.Release|Any CPU.ActiveCfg = Release|Any CPU
		{A4020982-17C1-43BD-9DA8-85E4BA14D2B8}.Release|Any CPU.Build.0 = Release|Any CPU
		{43E5AA82-C196-4F5F-A2BE-D0F4EFABE2A5}.Debug|Any CPU.ActiveCfg = Debug|Any CPU
		{43E5AA82-C196-4F5F-A2BE-D0F4EFABE2A5}.Debug|Any CPU.Build.0 = Debug|Any CPU
		{43E5AA82-C196-4F5F-A2BE-D0F4EFABE2A5}.Release|Any CPU.ActiveCfg = Release|Any CPU
		{43E5AA82-C196-4F5F-A2BE-D0F4EFABE2A5}.Release|Any CPU.Build.0 = Release|Any CPU
		{48902F6C-043C-401E-A029-AB168BE69FE5}.Debug|Any CPU.ActiveCfg = Debug|Any CPU
		{48902F6C-043C-401E-A029-AB168BE69FE5}.Debug|Any CPU.Build.0 = Debug|Any CPU
		{48902F6C-043C-401E-A029-AB168BE69FE5}.Release|Any CPU.ActiveCfg = Release|Any CPU
		{48902F6C-043C-401E-A029-AB168BE69FE5}.Release|Any CPU.Build.0 = Release|Any CPU
		{B5F5DE78-67DC-48FF-B011-1506ADF53CA2}.Debug|Any CPU.ActiveCfg = Debug|Any CPU
		{B5F5DE78-67DC-48FF-B011-1506ADF53CA2}.Debug|Any CPU.Build.0 = Debug|Any CPU
		{B5F5DE78-67DC-48FF-B011-1506ADF53CA2}.Release|Any CPU.ActiveCfg = Release|Any CPU
		{B5F5DE78-67DC-48FF-B011-1506ADF53CA2}.Release|Any CPU.Build.0 = Release|Any CPU
		{80742A68-5357-4CD3-8763-29765A4737F4}.Debug|Any CPU.ActiveCfg = Debug|Any CPU
		{80742A68-5357-4CD3-8763-29765A4737F4}.Debug|Any CPU.Build.0 = Debug|Any CPU
		{80742A68-5357-4CD3-8763-29765A4737F4}.Release|Any CPU.ActiveCfg = Release|Any CPU
		{80742A68-5357-4CD3-8763-29765A4737F4}.Release|Any CPU.Build.0 = Release|Any CPU
		{707E41D0-F89E-4F22-806C-334575FCAF66}.Debug|Any CPU.ActiveCfg = Debug|Any CPU
		{707E41D0-F89E-4F22-806C-334575FCAF66}.Debug|Any CPU.Build.0 = Debug|Any CPU
		{707E41D0-F89E-4F22-806C-334575FCAF66}.Release|Any CPU.ActiveCfg = Release|Any CPU
		{707E41D0-F89E-4F22-806C-334575FCAF66}.Release|Any CPU.Build.0 = Release|Any CPU
		{36A54ACC-F1F5-4782-9F50-DBCC0717B645}.Debug|Any CPU.ActiveCfg = Debug|Any CPU
		{36A54ACC-F1F5-4782-9F50-DBCC0717B645}.Debug|Any CPU.Build.0 = Debug|Any CPU
		{36A54ACC-F1F5-4782-9F50-DBCC0717B645}.Release|Any CPU.ActiveCfg = Release|Any CPU
		{36A54ACC-F1F5-4782-9F50-DBCC0717B645}.Release|Any CPU.Build.0 = Release|Any CPU
		{B59F80A1-E0EF-4F37-B57A-6C82071E52E5}.Debug|Any CPU.ActiveCfg = Debug|Any CPU
		{B59F80A1-E0EF-4F37-B57A-6C82071E52E5}.Debug|Any CPU.Build.0 = Debug|Any CPU
		{B59F80A1-E0EF-4F37-B57A-6C82071E52E5}.Release|Any CPU.ActiveCfg = Release|Any CPU
		{B59F80A1-E0EF-4F37-B57A-6C82071E52E5}.Release|Any CPU.Build.0 = Release|Any CPU
		{1FA9B02A-8C4A-48F5-9350-389B98E44507}.Debug|Any CPU.ActiveCfg = Debug|Any CPU
		{1FA9B02A-8C4A-48F5-9350-389B98E44507}.Debug|Any CPU.Build.0 = Debug|Any CPU
		{1FA9B02A-8C4A-48F5-9350-389B98E44507}.Release|Any CPU.ActiveCfg = Release|Any CPU
		{1FA9B02A-8C4A-48F5-9350-389B98E44507}.Release|Any CPU.Build.0 = Release|Any CPU
		{551AD554-14C8-4248-B0FC-A3A03ABBA3B1}.Debug|Any CPU.ActiveCfg = Debug|Any CPU
		{551AD554-14C8-4248-B0FC-A3A03ABBA3B1}.Debug|Any CPU.Build.0 = Debug|Any CPU
		{551AD554-14C8-4248-B0FC-A3A03ABBA3B1}.Release|Any CPU.ActiveCfg = Release|Any CPU
		{551AD554-14C8-4248-B0FC-A3A03ABBA3B1}.Release|Any CPU.Build.0 = Release|Any CPU
		{8EEA730D-5D6D-4982-A2B1-D714CC09D153}.Debug|Any CPU.ActiveCfg = Debug|Any CPU
		{8EEA730D-5D6D-4982-A2B1-D714CC09D153}.Debug|Any CPU.Build.0 = Debug|Any CPU
		{8EEA730D-5D6D-4982-A2B1-D714CC09D153}.Release|Any CPU.ActiveCfg = Release|Any CPU
		{8EEA730D-5D6D-4982-A2B1-D714CC09D153}.Release|Any CPU.Build.0 = Release|Any CPU
		{2E61A394-35C8-4D47-B2CF-1D542E0A29EE}.Debug|Any CPU.ActiveCfg = Debug|Any CPU
		{2E61A394-35C8-4D47-B2CF-1D542E0A29EE}.Debug|Any CPU.Build.0 = Debug|Any CPU
		{2E61A394-35C8-4D47-B2CF-1D542E0A29EE}.Release|Any CPU.ActiveCfg = Release|Any CPU
		{2E61A394-35C8-4D47-B2CF-1D542E0A29EE}.Release|Any CPU.Build.0 = Release|Any CPU
		{3D545FD7-6F30-4F66-9400-5A63B744A19D}.Debug|Any CPU.ActiveCfg = Debug|Any CPU
		{3D545FD7-6F30-4F66-9400-5A63B744A19D}.Debug|Any CPU.Build.0 = Debug|Any CPU
		{3D545FD7-6F30-4F66-9400-5A63B744A19D}.Release|Any CPU.ActiveCfg = Release|Any CPU
		{3D545FD7-6F30-4F66-9400-5A63B744A19D}.Release|Any CPU.Build.0 = Release|Any CPU
		{96FF220F-AE6D-4600-9D13-8534A340D659}.Debug|Any CPU.ActiveCfg = Debug|Any CPU
		{96FF220F-AE6D-4600-9D13-8534A340D659}.Debug|Any CPU.Build.0 = Debug|Any CPU
		{96FF220F-AE6D-4600-9D13-8534A340D659}.Release|Any CPU.ActiveCfg = Release|Any CPU
		{96FF220F-AE6D-4600-9D13-8534A340D659}.Release|Any CPU.Build.0 = Release|Any CPU
	EndGlobalSection
EndGlobal
